DEPENDENCIES
  httpd
    path: site-cookbooks/httpd
  mysql (~> 5.5.3)
  php
    path: site-cookbooks/php
  yum-epel (~> 0.6.0)

GRAPH
  httpd (0.1.0)
  mysql (5.5.3)
    yum-mysql-community (>= 0.0.0)
  php (0.1.0)
  yum (3.3.2)
  yum-epel (0.6.0)
    yum (~> 3.0)
  yum-mysql-community (0.1.10)
    yum (>= 3.0)
